{
  "name": "adventofcode-2019",
  "version": "0.1.0",
  "lockfileVersion": 1,
  "requires": true,
  "dependencies": {
    "bs-platform": {
      "version": "5.0.4",
      "resolved": "https://repo.dev.wixpress.com/artifactory/api/npm/npm-repos/bs-platform/-/bs-platform-5.0.4.tgz",
      "integrity": "sha1-1AbvQ8EtGxnYVGiE2LW04Ptwk3I=",
      "dev": true
    }
  }
}
